
Microsoft Visual Studio Solution File, Format Version 12.00
# Visual Studio Version 16
VisualStudioVersion = 16.0.30413.136
MinimumVisualStudioVersion = 10.0.40219.1
Project("{FAE04EC0-301F-11D3-BF4B-00C04F79EFBC}") = "Tv App", "Tv App.csproj", "{6713B25A-DBE8-46AE-87AE-F7BE4371C8C6}"
EndProject
Global
	GlobalSection(SolutionConfigurationPlatforms) = preSolution
		Debug|Any CPU = Debug|Any CPU
		Release|Any CPU = Release|Any CPU
	EndGlobalSection
	GlobalSection(ProjectConfigurationPlatforms) = postSolution
		{6713B25A-DBE8-46AE-87AE-F7BE4371C8C6}.Debug|Any CPU.ActiveCfg = Debug|Any CPU
		{6713B25A-DBE8-46AE-87AE-F7BE4371C8C6}.Debug|Any CPU.Build.0 = Debug|Any CPU
		{6713B25A-DBE8-46AE-87AE-F7BE4371C8C6}.Release|Any CPU.ActiveCfg = Release|Any CPU
		{6713B25A-DBE8-46AE-87AE-F7BE4371C8C6}.Release|Any CPU.Build.0 = Release|Any CPU
	EndGlobalSection
	GlobalSection(SolutionProperties) = preSolution
		HideSolutionNode = FALSE
	EndGlobalSection
	GlobalSection(ExtensibilityGlobals) = postSolution
		SolutionGuid = {F57BD206-D497-495F-A395-8BBCF21DD3F9}
	EndGlobalSection
EndGlobal
